
Microsoft Visual Studio Solution File, Format Version 12.00
Project("{FAE04EC0-301F-11D3-BF4B-00C04F79EFBC}") = "Dab_aflevering_2", "Dab_aflevering_2\Dab_aflevering_2.csproj", "{3A9930A1-C967-4C46-B1D8-17AB6C4F6CC8}"
EndProject
Global
	GlobalSection(SolutionConfigurationPlatforms) = preSolution
		Debug|Any CPU = Debug|Any CPU
		Release|Any CPU = Release|Any CPU
	EndGlobalSection
	GlobalSection(ProjectConfigurationPlatforms) = postSolution
		{3A9930A1-C967-4C46-B1D8-17AB6C4F6CC8}.Debug|Any CPU.ActiveCfg = Debug|Any CPU
		{3A9930A1-C967-4C46-B1D8-17AB6C4F6CC8}.Debug|Any CPU.Build.0 = Debug|Any CPU
		{3A9930A1-C967-4C46-B1D8-17AB6C4F6CC8}.Release|Any CPU.ActiveCfg = Release|Any CPU
		{3A9930A1-C967-4C46-B1D8-17AB6C4F6CC8}.Release|Any CPU.Build.0 = Release|Any CPU
	EndGlobalSection
EndGlobal
